{
  "pins" : [
    {
      "identity" : "peachcommanderpluginsdk",
      "kind" : "remoteSourceControl",
      "location" : "https://github.com/hkiam/PeachCommanderPluginSDK.git",
      "state" : {
        "revision" : "333d28fda459facb8d1a8a6ba95b566ee2f26cb2",
        "version" : "1.0.1"
      }
    }
  ],
  "version" : 2
}
